// !$*UTF8*$!
{
	archiveVersion = 1;
	classes = {
	};
	objectVersion = 50;
	objects = {

/* Begin PBXBuildFile section */
		0905D4CD2339177900F5EFB5 /* UIimage+Extension.swift in Sources */ = {isa = PBXBuildFile; fileRef = 0905D4CC2339177900F5EFB5 /* UIimage+Extension.swift */; };
		0905D4CF2339196900F5EFB5 /* Crycle.swift in Sources */ = {isa = PBXBuildFile; fileRef = 0905D4CE2339196900F5EFB5 /* Crycle.swift */; };
		09568A16234B874A00B3DCE5 /* balloons.json in Resources */ = {isa = PBXBuildFile; fileRef = 09568A12234B874A00B3DCE5 /* balloons.json */; };
		09621663234247D700526BAF /* Crycle.xib in Resources */ = {isa = PBXBuildFile; fileRef = 09621662234247D700526BAF /* Crycle.xib */; };
		09621667234886B500526BAF /* SeletedBall.swift in Sources */ = {isa = PBXBuildFile; fileRef = 09621665234799F400526BAF /* SeletedBall.swift */; };
		09621668234887B400526BAF /* SceneDelegate.swift in Sources */ = {isa = PBXBuildFile; fileRef = 098949AC2331384D00FDB34F /* SceneDelegate.swift */; };
		098949AB2331384D00FDB34F /* AppDelegate.swift in Sources */ = {isa = PBXBuildFile; fileRef = 098949AA2331384D00FDB34F /* AppDelegate.swift */; };
		098949AF2331384D00FDB34F /* ViewController.swift in Sources */ = {isa = PBXBuildFile; fileRef = 098949AE2331384D00FDB34F /* ViewController.swift */; };
		098949B22331384D00FDB34F /* Main.storyboard in Resources */ = {isa = PBXBuildFile; fileRef = 098949B02331384D00FDB34F /* Main.storyboard */; };
		098949B42331384E00FDB34F /* Assets.xcassets in Resources */ = {isa = PBXBuildFile; fileRef = 098949B32331384E00FDB34F /* Assets.xcassets */; };
		098949B72331384E00FDB34F /* LaunchScreen.storyboard in Resources */ = {isa = PBXBuildFile; fileRef = 098949B52331384E00FDB34F /* LaunchScreen.storyboard */; };
		098949C22331384E00FDB34F /* BinBallTests.swift in Sources */ = {isa = PBXBuildFile; fileRef = 098949C12331384E00FDB34F /* BinBallTests.swift */; };
		098949CE233138FB00FDB34F /* NumberCollection.swift in Sources */ = {isa = PBXBuildFile; fileRef = 098949CD233138FB00FDB34F /* NumberCollection.swift */; };
		09B23DD623534B6600B70A09 /* UIColorExtention.swift in Sources */ = {isa = PBXBuildFile; fileRef = 09B23DD523534B6600B70A09 /* UIColorExtention.swift */; };
		09B23DD823534CC300B70A09 /* Constant.swift in Sources */ = {isa = PBXBuildFile; fileRef = 09B23DD723534CC300B70A09 /* Constant.swift */; };
		09B23DDA2353623700B70A09 /* LottieExtention.swift in Sources */ = {isa = PBXBuildFile; fileRef = 09B23DD92353623700B70A09 /* LottieExtention.swift */; };
		09B23DDC235365C900B70A09 /* ribbon.json in Resources */ = {isa = PBXBuildFile; fileRef = 09B23DDB235365C900B70A09 /* ribbon.json */; };
		09B23DDE2353665800B70A09 /* ribbon2.json in Resources */ = {isa = PBXBuildFile; fileRef = 09B23DDD2353665800B70A09 /* ribbon2.json */; };
		70FC10543C01E02245093FCF /* Pods_BinBallTests.framework in Frameworks */ = {isa = PBXBuildFile; fileRef = 4780C17C0ACF507A77E82EAE /* Pods_BinBallTests.framework */; };
		D96AFF3AE061226857618F20 /* Pods_BinBall.framework in Frameworks */ = {isa = PBXBuildFile; fileRef = 0C4ECCAC2AA0BAB5CAEC5006 /* Pods_BinBall.framework */; };
/* End PBXBuildFile section */

/* Begin PBXContainerItemProxy section */
		098949BE2331384E00FDB34F /* PBXContainerItemProxy */ = {
			isa = PBXContainerItemProxy;
			containerPortal = 0989499F2331384D00FDB34F /* Project object */;
			proxyType = 1;
			remoteGlobalIDString = 098949A62331384D00FDB34F;
			remoteInfo = BinBall;
		};
/* End PBXContainerItemProxy section */

/* Begin PBXFileReference section */
		0905D4CC2339177900F5EFB5 /* UIimage+Extension.swift */ = {isa = PBXFileReference; lastKnownFileType = sourcecode.swift; path = "UIimage+Extension.swift"; sourceTree = "<group>"; };
		0905D4CE2339196900F5EFB5 /* Crycle.swift */ = {isa = PBXFileReference; lastKnownFileType = sourcecode.swift; path = Crycle.swift; sourceTree = "<group>"; };
		09568A12234B874A00B3DCE5 /* balloons.json */ = {isa = PBXFileReference; fileEncoding = 4; lastKnownFileType = text.json; name = balloons.json; path = ../../../../../Downloads/balloons.json; sourceTree = "<group>"; };
		09621662234247D700526BAF /* Crycle.xib */ = {isa = PBXFileReference; lastKnownFileType = file.xib; path = Crycle.xib; sourceTree = "<group>"; };
		09621665234799F400526BAF /* SeletedBall.swift */ = {isa = PBXFileReference; lastKnownFileType = sourcecode.swift; path = SeletedBall.swift; sourceTree = "<group>"; };
		098949A72331384D00FDB34F /* BinBall.app */ = {isa = PBXFileReference; explicitFileType = wrapper.application; includeInIndex = 0; path = BinBall.app; sourceTree = BUILT_PRODUCTS_DIR; };
		098949AA2331384D00FDB34F /* AppDelegate.swift */ = {isa = PBXFileReference; lastKnownFileType = sourcecode.swift; path = AppDelegate.swift; sourceTree = "<group>"; };
		098949AC2331384D00FDB34F /* SceneDelegate.swift */ = {isa = PBXFileReference; lastKnownFileType = sourcecode.swift; path = SceneDelegate.swift; sourceTree = "<group>"; };
		098949AE2331384D00FDB34F /* ViewController.swift */ = {isa = PBXFileReference; lastKnownFileType = sourcecode.swift; path = ViewController.swift; sourceTree = "<group>"; };
		098949B12331384D00FDB34F /* Base */ = {isa = PBXFileReference; lastKnownFileType = file.storyboard; name = Base; path = Base.lproj/Main.storyboard; sourceTree = "<group>"; };
		098949B32331384E00FDB34F /* Assets.xcassets */ = {isa = PBXFileReference; lastKnownFileType = folder.assetcatalog; path = Assets.xcassets; sourceTree = "<group>"; };
		098949B62331384E00FDB34F /* Base */ = {isa = PBXFileReference; lastKnownFileType = file.storyboard; name = Base; path = Base.lproj/LaunchScreen.storyboard; sourceTree = "<group>"; };
		098949B82331384E00FDB34F /* Info.plist */ = {isa = PBXFileReference; lastKnownFileType = text.plist.xml; path = Info.plist; sourceTree = "<group>"; };
		098949BD2331384E00FDB34F /* BinBallTests.xctest */ = {isa = PBXFileReference; explicitFileType = wrapper.cfbundle; includeInIndex = 0; path = BinBallTests.xctest; sourceTree = BUILT_PRODUCTS_DIR; };
		098949C12331384E00FDB34F /* BinBallTests.swift */ = {isa = PBXFileReference; lastKnownFileType = sourcecode.swift; path = BinBallTests.swift; sourceTree = "<group>"; };
		098949C32331384E00FDB34F /* Info.plist */ = {isa = PBXFileReference; lastKnownFileType = text.plist.xml; path = Info.plist; sourceTree = "<group>"; };
		098949CD233138FB00FDB34F /* NumberCollection.swift */ = {isa = PBXFileReference; lastKnownFileType = sourcecode.swift; path = NumberCollection.swift; sourceTree = "<group>"; };
		09B23DD523534B6600B70A09 /* UIColorExtention.swift */ = {isa = PBXFileReference; lastKnownFileType = sourcecode.swift; path = UIColorExtention.swift; sourceTree = "<group>"; };
		09B23DD723534CC300B70A09 /* Constant.swift */ = {isa = PBXFileReference; lastKnownFileType = sourcecode.swift; path = Constant.swift; sourceTree = "<group>"; };
		09B23DD92353623700B70A09 /* LottieExtention.swift */ = {isa = PBXFileReference; lastKnownFileType = sourcecode.swift; path = LottieExtention.swift; sourceTree = "<group>"; };
		09B23DDB235365C900B70A09 /* ribbon.json */ = {isa = PBXFileReference; fileEncoding = 4; lastKnownFileType = text.json; name = ribbon.json; path = ../../../../../Downloads/ribbon.json; sourceTree = "<group>"; };
		09B23DDD2353665800B70A09 /* ribbon2.json */ = {isa = PBXFileReference; fileEncoding = 4; lastKnownFileType = text.json; name = ribbon2.json; path = ../../../../../Downloads/ribbon2.json; sourceTree = "<group>"; };
		0C4ECCAC2AA0BAB5CAEC5006 /* Pods_BinBall.framework */ = {isa = PBXFileReference; explicitFileType = wrapper.framework; includeInIndex = 0; path = Pods_BinBall.framework; sourceTree = BUILT_PRODUCTS_DIR; };
		10C99D10E2E84056E9C5EC20 /* Pods-BinBall.release.xcconfig */ = {isa = PBXFileReference; includeInIndex = 1; lastKnownFileType = text.xcconfig; name = "Pods-BinBall.release.xcconfig"; path = "Target Support Files/Pods-BinBall/Pods-BinBall.release.xcconfig"; sourceTree = "<group>"; };
		4780C17C0ACF507A77E82EAE /* Pods_BinBallTests.framework */ = {isa = PBXFileReference; explicitFileType = wrapper.framework; includeInIndex = 0; path = Pods_BinBallTests.framework; sourceTree = BUILT_PRODUCTS_DIR; };
		7AC46BD54BE6CCA5AB07734B /* Pods-BinBallTests.release.xcconfig */ = {isa = PBXFileReference; includeInIndex = 1; lastKnownFileType = text.xcconfig; name = "Pods-BinBallTests.release.xcconfig"; path = "Target Support Files/Pods-BinBallTests/Pods-BinBallTests.release.xcconfig"; sourceTree = "<group>"; };
		9AF8881C1A737B360F107794 /* Pods-BinBallTests.debug.xcconfig */ = {isa = PBXFileReference; includeInIndex = 1; lastKnownFileType = text.xcconfig; name = "Pods-BinBallTests.debug.xcconfig"; path = "Target Support Files/Pods-BinBallTests/Pods-BinBallTests.debug.xcconfig"; sourceTree = "<group>"; };
		BBEA076A1B49929C1CD4BCFA /* Pods-BinBall.debug.xcconfig */ = {isa = PBXFileReference; includeInIndex = 1; lastKnownFileType = text.xcconfig; name = "Pods-BinBall.debug.xcconfig"; path = "Target Support Files/Pods-BinBall/Pods-BinBall.debug.xcconfig"; sourceTree = "<group>"; };
/* End PBXFileReference section */

/* Begin PBXFrameworksBuildPhase section */
		098949A42331384D00FDB34F /* Frameworks */ = {
			isa = PBXFrameworksBuildPhase;
			buildActionMask = 2147483647;
			files = (
				D96AFF3AE061226857618F20 /* Pods_BinBall.framework in Frameworks */,
			);
			runOnlyForDeploymentPostprocessing = 0;
		};
		098949BA2331384E00FDB34F /* Frameworks */ = {
			isa = PBXFrameworksBuildPhase;
			buildActionMask = 2147483647;
			files = (
				70FC10543C01E02245093FCF /* Pods_BinBallTests.framework in Frameworks */,
			);
			runOnlyForDeploymentPostprocessing = 0;
		};
/* End PBXFrameworksBuildPhase section */

/* Begin PBXGroup section */
		09621664234799B800526BAF /* View */ = {
			isa = PBXGroup;
			children = (
				09621665234799F400526BAF /* SeletedBall.swift */,
			);
			path = View;
			sourceTree = "<group>";
		};
		0989499E2331384D00FDB34F = {
			isa = PBXGroup;
			children = (
				098949A92331384D00FDB34F /* BinBall */,
				098949C02331384E00FDB34F /* BinBallTests */,
				098949A82331384D00FDB34F /* Products */,
				3F6EBA007BAFD88A81A6F325 /* Pods */,
				9CEC488F1D39564C08051122 /* Frameworks */,
			);
			sourceTree = "<group>";
		};
		098949A82331384D00FDB34F /* Products */ = {
			isa = PBXGroup;
			children = (
				098949A72331384D00FDB34F /* BinBall.app */,
				098949BD2331384E00FDB34F /* BinBallTests.xctest */,
			);
			name = Products;
			sourceTree = "<group>";
		};
		098949A92331384D00FDB34F /* BinBall */ = {
			isa = PBXGroup;
			children = (
				09621664234799B800526BAF /* View */,
				098949CF23326C9900FDB34F /* lotties */,
				098949CC2331387700FDB34F /* models */,
				098949AA2331384D00FDB34F /* AppDelegate.swift */,
				098949AC2331384D00FDB34F /* SceneDelegate.swift */,
				098949AE2331384D00FDB34F /* ViewController.swift */,
				098949B02331384D00FDB34F /* Main.storyboard */,
				098949B32331384E00FDB34F /* Assets.xcassets */,
				098949B52331384E00FDB34F /* LaunchScreen.storyboard */,
				098949B82331384E00FDB34F /* Info.plist */,
				0905D4CC2339177900F5EFB5 /* UIimage+Extension.swift */,
				09B23DD523534B6600B70A09 /* UIColorExtention.swift */,
				09B23DD723534CC300B70A09 /* Constant.swift */,
				09B23DD92353623700B70A09 /* LottieExtention.swift */,
			);
			path = BinBall;
			sourceTree = "<group>";
		};
		098949C02331384E00FDB34F /* BinBallTests */ = {
			isa = PBXGroup;
			children = (
				098949C12331384E00FDB34F /* BinBallTests.swift */,
				098949C32331384E00FDB34F /* Info.plist */,
			);
			path = BinBallTests;
			sourceTree = "<group>";
		};
		098949CC2331387700FDB34F /* models */ = {
			isa = PBXGroup;
			children = (
				098949CD233138FB00FDB34F /* NumberCollection.swift */,
				0905D4CE2339196900F5EFB5 /* Crycle.swift */,
				09621662234247D700526BAF /* Crycle.xib */,
			);
			path = models;
			sourceTree = "<group>";
		};
		098949CF23326C9900FDB34F /* lotties */ = {
			isa = PBXGroup;
			children = (
				09568A12234B874A00B3DCE5 /* balloons.json */,
				09B23DDB235365C900B70A09 /* ribbon.json */,
				09B23DDD2353665800B70A09 /* ribbon2.json */,
			);
			path = lotties;
			sourceTree = "<group>";
		};
		3F6EBA007BAFD88A81A6F325 /* Pods */ = {
			isa = PBXGroup;
			children = (
				BBEA076A1B49929C1CD4BCFA /* Pods-BinBall.debug.xcconfig */,
				10C99D10E2E84056E9C5EC20 /* Pods-BinBall.release.xcconfig */,
				9AF8881C1A737B360F107794 /* Pods-BinBallTests.debug.xcconfig */,
				7AC46BD54BE6CCA5AB07734B /* Pods-BinBallTests.release.xcconfig */,
			);
			path = Pods;
			sourceTree = "<group>";
		};
		9CEC488F1D39564C08051122 /* Frameworks */ = {
			isa = PBXGroup;
			children = (
				0C4ECCAC2AA0BAB5CAEC5006 /* Pods_BinBall.framework */,
				4780C17C0ACF507A77E82EAE /* Pods_BinBallTests.framework */,
			);
			name = Frameworks;
			sourceTree = "<group>";
		};
/* End PBXGroup section */

/* Begin PBXNativeTarget section */
		098949A62331384D00FDB34F /* BinBall */ = {
			isa = PBXNativeTarget;
			buildConfigurationList = 098949C62331384E00FDB34F /* Build configuration list for PBXNativeTarget "BinBall" */;
			buildPhases = (
				134039354BCAC003FEFCFC1B /* [CP] Check Pods Manifest.lock */,
				098949A32331384D00FDB34F /* Sources */,
				098949A42331384D00FDB34F /* Frameworks */,
				098949A52331384D00FDB34F /* Resources */,
				4C4370AE971A40B54F0D9EAB /* [CP] Embed Pods Frameworks */,
			);
			buildRules = (
			);
			dependencies = (
			);
			name = BinBall;
			productName = BinBall;
			productReference = 098949A72331384D00FDB34F /* BinBall.app */;
			productType = "com.apple.product-type.application";
		};
		098949BC2331384E00FDB34F /* BinBallTests */ = {
			isa = PBXNativeTarget;
			buildConfigurationList = 098949C92331384E00FDB34F /* Build configuration list for PBXNativeTarget "BinBallTests" */;
			buildPhases = (
				BD94F1DF9EE78A39477648AB /* [CP] Check Pods Manifest.lock */,
				098949B92331384E00FDB34F /* Sources */,
				098949BA2331384E00FDB34F /* Frameworks */,
				098949BB2331384E00FDB34F /* Resources */,
			);
			buildRules = (
			);
			dependencies = (
				098949BF2331384E00FDB34F /* PBXTargetDependency */,
			);
			name = BinBallTests;
			productName = BinBallTests;
			productReference = 098949BD2331384E00FDB34F /* BinBallTests.xctest */;
			productType = "com.apple.product-type.bundle.unit-test";
		};
/* End PBXNativeTarget section */

/* Begin PBXProject section */
		0989499F2331384D00FDB34F /* Project object */ = {
			isa = PBXProject;
			attributes = {
				LastSwiftUpdateCheck = 1100;
				LastUpgradeCheck = 1100;
				ORGANIZATIONNAME = "YJ Huang";
				TargetAttributes = {
					098949A62331384D00FDB34F = {
						CreatedOnToolsVersion = 11.0;
					};
					098949BC2331384E00FDB34F = {
						CreatedOnToolsVersion = 11.0;
						TestTargetID = 098949A62331384D00FDB34F;
					};
				};
			};
			buildConfigurationList = 098949A22331384D00FDB34F /* Build configuration list for PBXProject "BinBall" */;
			compatibilityVersion = "Xcode 9.3";
			developmentRegion = en;
			hasScannedForEncodings = 0;
			knownRegions = (
				en,
				Base,
			);
			mainGroup = 0989499E2331384D00FDB34F;
			productRefGroup = 098949A82331384D00FDB34F /* Products */;
			projectDirPath = "";
			projectRoot = "";
			targets = (
				098949A62331384D00FDB34F /* BinBall */,
				098949BC2331384E00FDB34F /* BinBallTests */,
			);
		};
/* End PBXProject section */

/* Begin PBXResourcesBuildPhase section */
		098949A52331384D00FDB34F /* Resources */ = {
			isa = PBXResourcesBuildPhase;
			buildActionMask = 2147483647;
			files = (
				098949B72331384E00FDB34F /* LaunchScreen.storyboard in Resources */,
				098949B42331384E00FDB34F /* Assets.xcassets in Resources */,
				09621663234247D700526BAF /* Crycle.xib in Resources */,
				09B23DDC235365C900B70A09 /* ribbon.json in Resources */,
				09B23DDE2353665800B70A09 /* ribbon2.json in Resources */,
				09568A16234B874A00B3DCE5 /* balloons.json in Resources */,
				098949B22331384D00FDB34F /* Main.storyboard in Resources */,
			);
			runOnlyForDeploymentPostprocessing = 0;
		};
		098949BB2331384E00FDB34F /* Resources */ = {
			isa = PBXResourcesBuildPhase;
			buildActionMask = 2147483647;
			files = (
			);
			runOnlyForDeploymentPostprocessing = 0;
		};
/* End PBXResourcesBuildPhase section */

/* Begin PBXShellScriptBuildPhase section */
		134039354BCAC003FEFCFC1B /* [CP] Check Pods Manifest.lock */ = {
			isa = PBXShellScriptBuildPhase;
			buildActionMask = 2147483647;
			files = (
			);
			inputFileListPaths = (
			);
			inputPaths = (
				"${PODS_PODFILE_DIR_PATH}/Podfile.lock",
				"${PODS_ROOT}/Manifest.lock",
			);
			name = "[CP] Check Pods Manifest.lock";
			outputFileListPaths = (
			);
			outputPaths = (
				"$(DERIVED_FILE_DIR)/Pods-BinBall-checkManifestLockResult.txt",
			);
			runOnlyForDeploymentPostprocessing = 0;
			shellPath = /bin/sh;
			shellScript = "diff \"${PODS_PODFILE_DIR_PATH}/Podfile.lock\" \"${PODS_ROOT}/Manifest.lock\" > /dev/null\nif [ $? != 0 ] ; then\n    # print error to STDERR\n    echo \"error: The sandbox is not in sync with the Podfile.lock. Run 'pod install' or update your CocoaPods installation.\" >&2\n    exit 1\nfi\n# This output is used by Xcode 'outputs' to avoid re-running this script phase.\necho \"SUCCESS\" > \"${SCRIPT_OUTPUT_FILE_0}\"\n";
			showEnvVarsInLog = 0;
		};
		4C4370AE971A40B54F0D9EAB /* [CP] Embed Pods Frameworks */ = {
			isa = PBXShellScriptBuildPhase;
			buildActionMask = 2147483647;
			files = (
			);
			inputFileListPaths = (
			);
			inputPaths = (
				"${PODS_ROOT}/Target Support Files/Pods-BinBall/Pods-BinBall-frameworks.sh",
				"${BUILT_PRODUCTS_DIR}/lottie-ios/Lottie.framework",
			);
			name = "[CP] Embed Pods Frameworks";
			outputFileListPaths = (
			);
			outputPaths = (
				"${TARGET_BUILD_DIR}/${FRAMEWORKS_FOLDER_PATH}/Lottie.framework",
			);
			runOnlyForDeploymentPostprocessing = 0;
			shellPath = /bin/sh;
			shellScript = "\"${PODS_ROOT}/Target Support Files/Pods-BinBall/Pods-BinBall-frameworks.sh\"\n";
			showEnvVarsInLog = 0;
		};
		BD94F1DF9EE78A39477648AB /* [CP] Check Pods Manifest.lock */ = {
			isa = PBXShellScriptBuildPhase;
			buildActionMask = 2147483647;
			files = (
			);
			inputFileListPaths = (
			);
			inputPaths = (
				"${PODS_PODFILE_DIR_PATH}/Podfile.lock",
				"${PODS_ROOT}/Manifest.lock",
			);
			name = "[CP] Check Pods Manifest.lock";
			outputFileListPaths = (
			);
			outputPaths = (
				"$(DERIVED_FILE_DIR)/Pods-BinBallTests-checkManifestLockResult.txt",
			);
			runOnlyForDeploymentPostprocessing = 0;
			shellPath = /bin/sh;
			shellScript = "diff \"${PODS_PODFILE_DIR_PATH}/Podfile.lock\" \"${PODS_ROOT}/Manifest.lock\" > /dev/null\nif [ $? != 0 ] ; then\n    # print error to STDERR\n    echo \"error: The sandbox is not in sync with the Podfile.lock. Run 'pod install' or update your CocoaPods installation.\" >&2\n    exit 1\nfi\n# This output is used by Xcode 'outputs' to avoid re-running this script phase.\necho \"SUCCESS\" > \"${SCRIPT_OUTPUT_FILE_0}\"\n";
			showEnvVarsInLog = 0;
		};
/* End PBXShellScriptBuildPhase section */

/* Begin PBXSourcesBuildPhase section */
		098949A32331384D00FDB34F /* Sources */ = {
			isa = PBXSourcesBuildPhase;
			buildActionMask = 2147483647;
			files = (
				098949AF2331384D00FDB34F /* ViewController.swift in Sources */,
				09B23DDA2353623700B70A09 /* LottieExtention.swift in Sources */,
				09621668234887B400526BAF /* SceneDelegate.swift in Sources */,
				09B23DD823534CC300B70A09 /* Constant.swift in Sources */,
				09621667234886B500526BAF /* SeletedBall.swift in Sources */,
				0905D4CD2339177900F5EFB5 /* UIimage+Extension.swift in Sources */,
				09B23DD623534B6600B70A09 /* UIColorExtention.swift in Sources */,
				098949AB2331384D00FDB34F /* AppDelegate.swift in Sources */,
				098949CE233138FB00FDB34F /* NumberCollection.swift in Sources */,
				0905D4CF2339196900F5EFB5 /* Crycle.swift in Sources */,
			);
			runOnlyForDeploymentPostprocessing = 0;
		};
		098949B92331384E00FDB34F /* Sources */ = {
			isa = PBXSourcesBuildPhase;
			buildActionMask = 2147483647;
			files = (
				098949C22331384E00FDB34F /* BinBallTests.swift in Sources */,
			);
			runOnlyForDeploymentPostprocessing = 0;
		};
/* End PBXSourcesBuildPhase section */

/* Begin PBXTargetDependency section */
		098949BF2331384E00FDB34F /* PBXTargetDependency */ = {
			isa = PBXTargetDependency;
			target = 098949A62331384D00FDB34F /* BinBall */;
			targetProxy = 098949BE2331384E00FDB34F /* PBXContainerItemProxy */;
		};
/* End PBXTargetDependency section */

/* Begin PBXVariantGroup section */
		098949B02331384D00FDB34F /* Main.storyboard */ = {
			isa = PBXVariantGroup;
			children = (
				098949B12331384D00FDB34F /* Base */,
			);
			name = Main.storyboard;
			sourceTree = "<group>";
		};
		098949B52331384E00FDB34F /* LaunchScreen.storyboard */ = {
			isa = PBXVariantGroup;
			children = (
				098949B62331384E00FDB34F /* Base */,
			);
			name = LaunchScreen.storyboard;
			sourceTree = "<group>";
		};
/* End PBXVariantGroup section */

/* Begin XCBuildConfiguration section */
		098949C42331384E00FDB34F /* Debug */ = {
			isa = XCBuildConfiguration;
			buildSettings = {
				ALWAYS_SEARCH_USER_PATHS = NO;
				CLANG_ANALYZER_NONNULL = YES;
				CLANG_ANALYZER_NUMBER_OBJECT_CONVERSION = YES_AGGRESSIVE;
				CLANG_CXX_LANGUAGE_STANDARD = "gnu++14";
				CLANG_CXX_LIBRARY = "libc++";
				CLANG_ENABLE_MODULES = YES;
				CLANG_ENABLE_OBJC_ARC = YES;
				CLANG_ENABLE_OBJC_WEAK = YES;
				CLANG_WARN_BLOCK_CAPTURE_AUTORELEASING = YES;
				CLANG_WARN_BOOL_CONVERSION = YES;
				CLANG_WARN_COMMA = YES;
				CLANG_WARN_CONSTANT_CONVERSION = YES;
				CLANG_WARN_DEPRECATED_OBJC_IMPLEMENTATIONS = YES;
				CLANG_WARN_DIRECT_OBJC_ISA_USAGE = YES_ERROR;
				CLANG_WARN_DOCUMENTATION_COMMENTS = YES;
				CLANG_WARN_EMPTY_BODY = YES;
				CLANG_WARN_ENUM_CONVERSION = YES;
				CLANG_WARN_INFINITE_RECURSION = YES;
				CLANG_WARN_INT_CONVERSION = YES;
				CLANG_WARN_NON_LITERAL_NULL_CONVERSION = YES;
				CLANG_WARN_OBJC_IMPLICIT_RETAIN_SELF = YES;
				CLANG_WARN_OBJC_LITERAL_CONVERSION = YES;
				CLANG_WARN_OBJC_ROOT_CLASS = YES_ERROR;
				CLANG_WARN_RANGE_LOOP_ANALYSIS = YES;
				CLANG_WARN_STRICT_PROTOTYPES = YES;
				CLANG_WARN_SUSPICIOUS_MOVE = YES;
				CLANG_WARN_UNGUARDED_AVAILABILITY = YES_AGGRESSIVE;
				CLANG_WARN_UNREACHABLE_CODE = YES;
				CLANG_WARN__DUPLICATE_METHOD_MATCH = YES;
				COPY_PHASE_STRIP = NO;
				DEBUG_INFORMATION_FORMAT = dwarf;
				ENABLE_STRICT_OBJC_MSGSEND = YES;
				ENABLE_TESTABILITY = YES;
				GCC_C_LANGUAGE_STANDARD = gnu11;
				GCC_DYNAMIC_NO_PIC = NO;
				GCC_NO_COMMON_BLOCKS = YES;
				GCC_OPTIMIZATION_LEVEL = 0;
				GCC_PREPROCESSOR_DEFINITIONS = (
					"DEBUG=1",
					"$(inherited)",
				);
				GCC_WARN_64_TO_32_BIT_CONVERSION = YES;
				GCC_WARN_ABOUT_RETURN_TYPE = YES_ERROR;
				GCC_WARN_UNDECLARED_SELECTOR = YES;
				GCC_WARN_UNINITIALIZED_AUTOS = YES_AGGRESSIVE;
				GCC_WARN_UNUSED_FUNCTION = YES;
				GCC_WARN_UNUSED_VARIABLE = YES;
				IPHONEOS_DEPLOYMENT_TARGET = 13.0;
				MTL_ENABLE_DEBUG_INFO = INCLUDE_SOURCE;
				MTL_FAST_MATH = YES;
				ONLY_ACTIVE_ARCH = YES;
				SDKROOT = iphoneos;
				SWIFT_ACTIVE_COMPILATION_CONDITIONS = DEBUG;
				SWIFT_OPTIMIZATION_LEVEL = "-Onone";
			};
			name = Debug;
		};
		098949C52331384E00FDB34F /* Release */ = {
			isa = XCBuildConfiguration;
			buildSettings = {
				ALWAYS_SEARCH_USER_PATHS = NO;
				CLANG_ANALYZER_NONNULL = YES;
				CLANG_ANALYZER_NUMBER_OBJECT_CONVERSION = YES_AGGRESSIVE;
				CLANG_CXX_LANGUAGE_STANDARD = "gnu++14";
				CLANG_CXX_LIBRARY = "libc++";
				CLANG_ENABLE_MODULES = YES;
				CLANG_ENABLE_OBJC_ARC = YES;
				CLANG_ENABLE_OBJC_WEAK = YES;
				CLANG_WARN_BLOCK_CAPTURE_AUTORELEASING = YES;
				CLANG_WARN_BOOL_CONVERSION = YES;
				CLANG_WARN_COMMA = YES;
				CLANG_WARN_CONSTANT_CONVERSION = YES;
				CLANG_WARN_DEPRECATED_OBJC_IMPLEMENTATIONS = YES;
				CLANG_WARN_DIRECT_OBJC_ISA_USAGE = YES_ERROR;
				CLANG_WARN_DOCUMENTATION_COMMENTS = YES;
				CLANG_WARN_EMPTY_BODY = YES;
				CLANG_WARN_ENUM_CONVERSION = YES;
				CLANG_WARN_INFINITE_RECURSION = YES;
				CLANG_WARN_INT_CONVERSION = YES;
				CLANG_WARN_NON_LITERAL_NULL_CONVERSION = YES;
				CLANG_WARN_OBJC_IMPLICIT_RETAIN_SELF = YES;
				CLANG_WARN_OBJC_LITERAL_CONVERSION = YES;
				CLANG_WARN_OBJC_ROOT_CLASS = YES_ERROR;
				CLANG_WARN_RANGE_LOOP_ANALYSIS = YES;
				CLANG_WARN_STRICT_PROTOTYPES = YES;
				CLANG_WARN_SUSPICIOUS_MOVE = YES;
				CLANG_WARN_UNGUARDED_AVAILABILITY = YES_AGGRESSIVE;
				CLANG_WARN_UNREACHABLE_CODE = YES;
				CLANG_WARN__DUPLICATE_METHOD_MATCH = YES;
				COPY_PHASE_STRIP = NO;
				DEBUG_INFORMATION_FORMAT = "dwarf-with-dsym";
				ENABLE_NS_ASSERTIONS = NO;
				ENABLE_STRICT_OBJC_MSGSEND = YES;
				GCC_C_LANGUAGE_STANDARD = gnu11;
				GCC_NO_COMMON_BLOCKS = YES;
				GCC_WARN_64_TO_32_BIT_CONVERSION = YES;
				GCC_WARN_ABOUT_RETURN_TYPE = YES_ERROR;
				GCC_WARN_UNDECLARED_SELECTOR = YES;
				GCC_WARN_UNINITIALIZED_AUTOS = YES_AGGRESSIVE;
				GCC_WARN_UNUSED_FUNCTION = YES;
				GCC_WARN_UNUSED_VARIABLE = YES;
				IPHONEOS_DEPLOYMENT_TARGET = 13.0;
				MTL_ENABLE_DEBUG_INFO = NO;
				MTL_FAST_MATH = YES;
				SDKROOT = iphoneos;
				SWIFT_COMPILATION_MODE = wholemodule;
				SWIFT_OPTIMIZATION_LEVEL = "-O";
				VALIDATE_PRODUCT = YES;
			};
			name = Release;
		};
		098949C72331384E00FDB34F /* Debug */ = {
			isa = XCBuildConfiguration;
			baseConfigurationReference = BBEA076A1B49929C1CD4BCFA /* Pods-BinBall.debug.xcconfig */;
			buildSettings = {
				ASSETCATALOG_COMPILER_APPICON_NAME = AppIcon;
				CODE_SIGN_STYLE = Automatic;
				DEVELOPMENT_TEAM = LQYRMHEZEZ;
				INFOPLIST_FILE = BinBall/Info.plist;
				LD_RUNPATH_SEARCH_PATHS = (
					"$(inherited)",
					"@executable_path/Frameworks",
				);
				PRODUCT_BUNDLE_IDENTIFIER = tw.com.jHuang.BinBall.answ;
				PRODUCT_NAME = "$(TARGET_NAME)";
				SWIFT_VERSION = 5.0;
				TARGETED_DEVICE_FAMILY = "1,2";
			};
			name = Debug;
		};
		098949C82331384E00FDB34F /* Release */ = {
			isa = XCBuildConfiguration;
			baseConfigurationReference = 10C99D10E2E84056E9C5EC20 /* Pods-BinBall.release.xcconfig */;
			buildSettings = {
				ASSETCATALOG_COMPILER_APPICON_NAME = AppIcon;
				CODE_SIGN_STYLE = Automatic;
				DEVELOPMENT_TEAM = LQYRMHEZEZ;
				INFOPLIST_FILE = BinBall/Info.plist;
				LD_RUNPATH_SEARCH_PATHS = (
					"$(inherited)",
					"@executable_path/Frameworks",
				);
				PRODUCT_BUNDLE_IDENTIFIER = tw.com.jHuang.BinBall.answ;
				PRODUCT_NAME = "$(TARGET_NAME)";
				SWIFT_VERSION = 5.0;
				TARGETED_DEVICE_FAMILY = "1,2";
			};
			name = Release;
		};
		098949CA2331384E00FDB34F /* Debug */ = {
			isa = XCBuildConfiguration;
			baseConfigurationReference = 9AF8881C1A737B360F107794 /* Pods-BinBallTests.debug.xcconfig */;
			buildSettings = {
				ALWAYS_EMBED_SWIFT_STANDARD_LIBRARIES = YES;
				BUNDLE_LOADER = "$(TEST_HOST)";
				CODE_SIGN_STYLE = Automatic;
				DEVELOPMENT_TEAM = LQYRMHEZEZ;
				INFOPLIST_FILE = BinBallTests/Info.plist;
				IPHONEOS_DEPLOYMENT_TARGET = 13.0;
				LD_RUNPATH_SEARCH_PATHS = (
					"$(inherited)",
					"@executable_path/Frameworks",
					"@loader_path/Frameworks",
				);
				PRODUCT_BUNDLE_IDENTIFIER = tw.com.jHuang.BinBallTests;
				PRODUCT_NAME = "$(TARGET_NAME)";
				SWIFT_VERSION = 5.0;
				TARGETED_DEVICE_FAMILY = "1,2";
				TEST_HOST = "$(BUILT_PRODUCTS_DIR)/BinBall.app/BinBall";
			};
			name = Debug;
		};
		098949CB2331384E00FDB34F /* Release */ = {
			isa = XCBuildConfiguration;
			baseConfigurationReference = 7AC46BD54BE6CCA5AB07734B /* Pods-BinBallTests.release.xcconfig */;
			buildSettings = {
				ALWAYS_EMBED_SWIFT_STANDARD_LIBRARIES = YES;
				BUNDLE_LOADER = "$(TEST_HOST)";
				CODE_SIGN_STYLE = Automatic;
				DEVELOPMENT_TEAM = LQYRMHEZEZ;
				INFOPLIST_FILE = BinBallTests/Info.plist;
				IPHONEOS_DEPLOYMENT_TARGET = 13.0;
				LD_RUNPATH_SEARCH_PATHS = (
					"$(inherited)",
					"@executable_path/Frameworks",
					"@loader_path/Frameworks",
				);
				PRODUCT_BUNDLE_IDENTIFIER = tw.com.jHuang.BinBallTests;
				PRODUCT_NAME = "$(TARGET_NAME)";
				SWIFT_VERSION = 5.0;
				TARGETED_DEVICE_FAMILY = "1,2";
				TEST_HOST = "$(BUILT_PRODUCTS_DIR)/BinBall.app/BinBall";
			};
			name = Release;
		};
/* End XCBuildConfiguration section */

/* Begin XCConfigurationList section */
		098949A22331384D00FDB34F /* Build configuration list for PBXProject "BinBall" */ = {
			isa = XCConfigurationList;
			buildConfigurations = (
				098949C42331384E00FDB34F /* Debug */,
				098949C52331384E00FDB34F /* Release */,
			);
			defaultConfigurationIsVisible = 0;
			defaultConfigurationName = Release;
		};
		098949C62331384E00FDB34F /* Build configuration list for PBXNativeTarget "BinBall" */ = {
			isa = XCConfigurationList;
			buildConfigurations = (
				098949C72331384E00FDB34F /* Debug */,
				098949C82331384E00FDB34F /* Release */,
			);
			defaultConfigurationIsVisible = 0;
			defaultConfigurationName = Release;
		};
		098949C92331384E00FDB34F /* Build configuration list for PBXNativeTarget "BinBallTests" */ = {
			isa = XCConfigurationList;
			buildConfigurations = (
				098949CA2331384E00FDB34F /* Debug */,
				098949CB2331384E00FDB34F /* Release */,
			);
			defaultConfigurationIsVisible = 0;
			defaultConfigurationName = Release;
		};
/* End XCConfigurationList section */
	};
	rootObject = 0989499F2331384D00FDB34F /* Project object */;
}
